{
  "name": "tackle-harness",
  "version": "0.0.10",
  "lockfileVersion": 3,
  "requires": true,
  "packages": {
    "": {
      "name": "tackle-harness",
      "version": "0.0.10",
      "license": "MIT",
      "bin": {
        "tackle-harness": "bin/tackle.js"
      },
      "engines": {
        "node": ">=14.0.0"
      }
    }
  }
}
